
Microsoft Visual Studio Solution File, Format Version 12.00
# Visual Studio Version 16
VisualStudioVersion = 16.0.29709.97
MinimumVisualStudioVersion = 10.0.40219.1
Project("{FAE04EC0-301F-11D3-BF4B-00C04F79EFBC}") = "Practice", "Practice\Practice.csproj", "{C06DFEBD-9F0B-4C98-8177-D10C7E9B3635}"
EndProject
Project("{FAE04EC0-301F-11D3-BF4B-00C04F79EFBC}") = "Practice2", "Practice2\Practice2.csproj", "{A093FE64-B185-48D5-BEC8-02F777487F5D}"
EndProject
Project("{FAE04EC0-301F-11D3-BF4B-00C04F79EFBC}") = "Practice3", "Practice3\Practice3.csproj", "{098FC5BB-8982-400D-A20D-ED9CF835E2CF}"
EndProject
Global
	GlobalSection(SolutionConfigurationPlatforms) = preSolution
		Debug|Any CPU = Debug|Any CPU
		Release|Any CPU = Release|Any CPU
	EndGlobalSection
	GlobalSection(ProjectConfigurationPlatforms) = postSolution
		{C06DFEBD-9F0B-4C98-8177-D10C7E9B3635}.Debug|Any CPU.ActiveCfg = Debug|Any CPU
		{C06DFEBD-9F0B-4C98-8177-D10C7E9B3635}.Debug|Any CPU.Build.0 = Debug|Any CPU
		{C06DFEBD-9F0B-4C98-8177-D10C7E9B3635}.Release|Any CPU.ActiveCfg = Release|Any CPU
		{C06DFEBD-9F0B-4C98-8177-D10C7E9B3635}.Release|Any CPU.Build.0 = Release|Any CPU
		{A093FE64-B185-48D5-BEC8-02F777487F5D}.Debug|Any CPU.ActiveCfg = Debug|Any CPU
		{A093FE64-B185-48D5-BEC8-02F777487F5D}.Debug|Any CPU.Build.0 = Debug|Any CPU
		{A093FE64-B185-48D5-BEC8-02F777487F5D}.Release|Any CPU.ActiveCfg = Release|Any CPU
		{A093FE64-B185-48D5-BEC8-02F777487F5D}.Release|Any CPU.Build.0 = Release|Any CPU
		{098FC5BB-8982-400D-A20D-ED9CF835E2CF}.Debug|Any CPU.ActiveCfg = Debug|Any CPU
		{098FC5BB-8982-400D-A20D-ED9CF835E2CF}.Debug|Any CPU.Build.0 = Debug|Any CPU
		{098FC5BB-8982-400D-A20D-ED9CF835E2CF}.Release|Any CPU.ActiveCfg = Release|Any CPU
		{098FC5BB-8982-400D-A20D-ED9CF835E2CF}.Release|Any CPU.Build.0 = Release|Any CPU
	EndGlobalSection
	GlobalSection(SolutionProperties) = preSolution
		HideSolutionNode = FALSE
	EndGlobalSection
	GlobalSection(ExtensibilityGlobals) = postSolution
		SolutionGuid = {EC571F93-01AE-4C86-89D7-708968F7042D}
	EndGlobalSection
EndGlobal
