
Microsoft Visual Studio Solution File, Format Version 12.00
# Visual Studio 15
VisualStudioVersion = 15.0.28010.2050
MinimumVisualStudioVersion = 10.0.40219.1
Project("{FAE04EC0-301F-11D3-BF4B-00C04F79EFBC}") = "LoopSumming", "LoopSumming\LoopSumming.csproj", "{A3CFE771-9B32-4821-AB3E-8E4C9F372674}"
EndProject
Global
	GlobalSection(SolutionConfigurationPlatforms) = preSolution
		Debug|Any CPU = Debug|Any CPU
		Release|Any CPU = Release|Any CPU
	EndGlobalSection
	GlobalSection(ProjectConfigurationPlatforms) = postSolution
		{A3CFE771-9B32-4821-AB3E-8E4C9F372674}.Debug|Any CPU.ActiveCfg = Debug|Any CPU
		{A3CFE771-9B32-4821-AB3E-8E4C9F372674}.Debug|Any CPU.Build.0 = Debug|Any CPU
		{A3CFE771-9B32-4821-AB3E-8E4C9F372674}.Release|Any CPU.ActiveCfg = Release|Any CPU
		{A3CFE771-9B32-4821-AB3E-8E4C9F372674}.Release|Any CPU.Build.0 = Release|Any CPU
	EndGlobalSection
	GlobalSection(SolutionProperties) = preSolution
		HideSolutionNode = FALSE
	EndGlobalSection
	GlobalSection(ExtensibilityGlobals) = postSolution
		SolutionGuid = {EE92B95E-AC5C-4819-8BD0-0E9AECA7F544}
	EndGlobalSection
EndGlobal
