
Microsoft Visual Studio Solution File, Format Version 12.00
# Visual Studio Version 16
VisualStudioVersion = 16.0.29709.97
MinimumVisualStudioVersion = 10.0.40219.1
Project("{FAE04EC0-301F-11D3-BF4B-00C04F79EFBC}") = "WPF Student", "WPF Student\WPF Student.csproj", "{7CC31DEE-0A9D-4A63-8125-54434FE30329}"
EndProject
Global
	GlobalSection(SolutionConfigurationPlatforms) = preSolution
		Debug|Any CPU = Debug|Any CPU
		Release|Any CPU = Release|Any CPU
	EndGlobalSection
	GlobalSection(ProjectConfigurationPlatforms) = postSolution
		{7CC31DEE-0A9D-4A63-8125-54434FE30329}.Debug|Any CPU.ActiveCfg = Debug|Any CPU
		{7CC31DEE-0A9D-4A63-8125-54434FE30329}.Debug|Any CPU.Build.0 = Debug|Any CPU
		{7CC31DEE-0A9D-4A63-8125-54434FE30329}.Release|Any CPU.ActiveCfg = Release|Any CPU
		{7CC31DEE-0A9D-4A63-8125-54434FE30329}.Release|Any CPU.Build.0 = Release|Any CPU
	EndGlobalSection
	GlobalSection(SolutionProperties) = preSolution
		HideSolutionNode = FALSE
	EndGlobalSection
	GlobalSection(ExtensibilityGlobals) = postSolution
		SolutionGuid = {2666CD3A-C577-4812-AFC1-5101723A0F51}
	EndGlobalSection
EndGlobal
