
Microsoft Visual Studio Solution File, Format Version 12.00
# Visual Studio 15
VisualStudioVersion = 15.0.28010.2050
MinimumVisualStudioVersion = 10.0.40219.1
Project("{FAE04EC0-301F-11D3-BF4B-00C04F79EFBC}") = "CollectionsParticipation", "CollectionsParticipation\CollectionsParticipation.csproj", "{8FBB8C46-7238-4BD6-BF90-34649C2486AB}"
EndProject
Global
	GlobalSection(SolutionConfigurationPlatforms) = preSolution
		Debug|Any CPU = Debug|Any CPU
		Release|Any CPU = Release|Any CPU
	EndGlobalSection
	GlobalSection(ProjectConfigurationPlatforms) = postSolution
		{8FBB8C46-7238-4BD6-BF90-34649C2486AB}.Debug|Any CPU.ActiveCfg = Debug|Any CPU
		{8FBB8C46-7238-4BD6-BF90-34649C2486AB}.Debug|Any CPU.Build.0 = Debug|Any CPU
		{8FBB8C46-7238-4BD6-BF90-34649C2486AB}.Release|Any CPU.ActiveCfg = Release|Any CPU
		{8FBB8C46-7238-4BD6-BF90-34649C2486AB}.Release|Any CPU.Build.0 = Release|Any CPU
	EndGlobalSection
	GlobalSection(SolutionProperties) = preSolution
		HideSolutionNode = FALSE
	EndGlobalSection
	GlobalSection(ExtensibilityGlobals) = postSolution
		SolutionGuid = {3D44F95A-CDF6-4617-B56F-C258E43473B4}
	EndGlobalSection
EndGlobal
