
Microsoft Visual Studio Solution File, Format Version 12.00
# Visual Studio 15
VisualStudioVersion = 15.0.28010.2050
MinimumVisualStudioVersion = 10.0.40219.1
Project("{FAE04EC0-301F-11D3-BF4B-00C04F79EFBC}") = "FunctionsParticipation", "FunctionsParticipation.csproj", "{2926FDD1-8906-49DB-91AA-B1C83A618FA7}"
EndProject
Global
	GlobalSection(SolutionConfigurationPlatforms) = preSolution
		Debug|Any CPU = Debug|Any CPU
		Release|Any CPU = Release|Any CPU
	EndGlobalSection
	GlobalSection(ProjectConfigurationPlatforms) = postSolution
		{2926FDD1-8906-49DB-91AA-B1C83A618FA7}.Debug|Any CPU.ActiveCfg = Debug|Any CPU
		{2926FDD1-8906-49DB-91AA-B1C83A618FA7}.Debug|Any CPU.Build.0 = Debug|Any CPU
		{2926FDD1-8906-49DB-91AA-B1C83A618FA7}.Release|Any CPU.ActiveCfg = Release|Any CPU
		{2926FDD1-8906-49DB-91AA-B1C83A618FA7}.Release|Any CPU.Build.0 = Release|Any CPU
	EndGlobalSection
	GlobalSection(SolutionProperties) = preSolution
		HideSolutionNode = FALSE
	EndGlobalSection
	GlobalSection(ExtensibilityGlobals) = postSolution
		SolutionGuid = {380987D6-C5A0-4478-8C3D-F9E2EC3710C9}
	EndGlobalSection
EndGlobal
