
Microsoft Visual Studio Solution File, Format Version 12.00
# Visual Studio Version 16
VisualStudioVersion = 16.0.29709.97
MinimumVisualStudioVersion = 10.0.40219.1
Project("{FAE04EC0-301F-11D3-BF4B-00C04F79EFBC}") = "Practice1", "Practice1\Practice1.csproj", "{42E9891A-2C8E-47FA-ABE3-174D4B1A5BBF}"
EndProject
Global
	GlobalSection(SolutionConfigurationPlatforms) = preSolution
		Debug|Any CPU = Debug|Any CPU
		Release|Any CPU = Release|Any CPU
	EndGlobalSection
	GlobalSection(ProjectConfigurationPlatforms) = postSolution
		{42E9891A-2C8E-47FA-ABE3-174D4B1A5BBF}.Debug|Any CPU.ActiveCfg = Debug|Any CPU
		{42E9891A-2C8E-47FA-ABE3-174D4B1A5BBF}.Debug|Any CPU.Build.0 = Debug|Any CPU
		{42E9891A-2C8E-47FA-ABE3-174D4B1A5BBF}.Release|Any CPU.ActiveCfg = Release|Any CPU
		{42E9891A-2C8E-47FA-ABE3-174D4B1A5BBF}.Release|Any CPU.Build.0 = Release|Any CPU
	EndGlobalSection
	GlobalSection(SolutionProperties) = preSolution
		HideSolutionNode = FALSE
	EndGlobalSection
	GlobalSection(ExtensibilityGlobals) = postSolution
		SolutionGuid = {127C1F14-FF61-4804-A66C-3482205EA499}
	EndGlobalSection
EndGlobal
