
Microsoft Visual Studio Solution File, Format Version 12.00
# Visual Studio Version 16
VisualStudioVersion = 16.0.29709.97
MinimumVisualStudioVersion = 10.0.40219.1
Project("{FAE04EC0-301F-11D3-BF4B-00C04F79EFBC}") = "ClassesParticipation", "ClassesParticipation\ClassesParticipation.csproj", "{CEE5A55C-E881-4172-9DB4-49A6EF31F717}"
EndProject
Global
	GlobalSection(SolutionConfigurationPlatforms) = preSolution
		Debug|Any CPU = Debug|Any CPU
		Release|Any CPU = Release|Any CPU
	EndGlobalSection
	GlobalSection(ProjectConfigurationPlatforms) = postSolution
		{CEE5A55C-E881-4172-9DB4-49A6EF31F717}.Debug|Any CPU.ActiveCfg = Debug|Any CPU
		{CEE5A55C-E881-4172-9DB4-49A6EF31F717}.Debug|Any CPU.Build.0 = Debug|Any CPU
		{CEE5A55C-E881-4172-9DB4-49A6EF31F717}.Release|Any CPU.ActiveCfg = Release|Any CPU
		{CEE5A55C-E881-4172-9DB4-49A6EF31F717}.Release|Any CPU.Build.0 = Release|Any CPU
	EndGlobalSection
	GlobalSection(SolutionProperties) = preSolution
		HideSolutionNode = FALSE
	EndGlobalSection
	GlobalSection(ExtensibilityGlobals) = postSolution
		SolutionGuid = {FA92097F-41A9-4353-9D3D-6EB76780DC0B}
	EndGlobalSection
EndGlobal
