
Microsoft Visual Studio Solution File, Format Version 12.00
# Visual Studio Version 16
VisualStudioVersion = 16.0.29709.97
MinimumVisualStudioVersion = 10.0.40219.1
Project("{9A19103F-16F7-4668-BE54-9A1E7A4F7556}") = "Cars", "Cars\Cars.csproj", "{CD361916-0A5E-4D25-9FD2-F705471275CF}"
EndProject
Project("{FAE04EC0-301F-11D3-BF4B-00C04F79EFBC}") = "DataEntryFramework", "DataEntryFramework\DataEntryFramework.csproj", "{B91203ED-6FE4-455A-9021-1CBEAF9FB03C}"
EndProject
Project("{FAE04EC0-301F-11D3-BF4B-00C04F79EFBC}") = "Grades", "Grades\Grades.csproj", "{9664C3CB-43E3-41A5-A1F1-624A42029EB4}"
EndProject
Global
	GlobalSection(SolutionConfigurationPlatforms) = preSolution
		Debug|Any CPU = Debug|Any CPU
		Release|Any CPU = Release|Any CPU
	EndGlobalSection
	GlobalSection(ProjectConfigurationPlatforms) = postSolution
		{CD361916-0A5E-4D25-9FD2-F705471275CF}.Debug|Any CPU.ActiveCfg = Debug|Any CPU
		{CD361916-0A5E-4D25-9FD2-F705471275CF}.Debug|Any CPU.Build.0 = Debug|Any CPU
		{CD361916-0A5E-4D25-9FD2-F705471275CF}.Release|Any CPU.ActiveCfg = Release|Any CPU
		{CD361916-0A5E-4D25-9FD2-F705471275CF}.Release|Any CPU.Build.0 = Release|Any CPU
		{B91203ED-6FE4-455A-9021-1CBEAF9FB03C}.Debug|Any CPU.ActiveCfg = Debug|Any CPU
		{B91203ED-6FE4-455A-9021-1CBEAF9FB03C}.Debug|Any CPU.Build.0 = Debug|Any CPU
		{B91203ED-6FE4-455A-9021-1CBEAF9FB03C}.Release|Any CPU.ActiveCfg = Release|Any CPU
		{B91203ED-6FE4-455A-9021-1CBEAF9FB03C}.Release|Any CPU.Build.0 = Release|Any CPU
		{9664C3CB-43E3-41A5-A1F1-624A42029EB4}.Debug|Any CPU.ActiveCfg = Debug|Any CPU
		{9664C3CB-43E3-41A5-A1F1-624A42029EB4}.Debug|Any CPU.Build.0 = Debug|Any CPU
		{9664C3CB-43E3-41A5-A1F1-624A42029EB4}.Release|Any CPU.ActiveCfg = Release|Any CPU
		{9664C3CB-43E3-41A5-A1F1-624A42029EB4}.Release|Any CPU.Build.0 = Release|Any CPU
	EndGlobalSection
	GlobalSection(SolutionProperties) = preSolution
		HideSolutionNode = FALSE
	EndGlobalSection
	GlobalSection(ExtensibilityGlobals) = postSolution
		SolutionGuid = {6DA8C0A4-F1A9-4CB3-9CCA-D03F216341FC}
	EndGlobalSection
EndGlobal
